
Microsoft Visual Studio Solution File, Format Version 12.00
# Visual Studio Version 17
VisualStudioVersion = 17.0.32112.339
MinimumVisualStudioVersion = 10.0.40219.1
Project("{FAE04EC0-301F-11D3-BF4B-00C04F79EFBC}") = "Kagic_UI", "Kagic_UI\Kagic_UI.csproj", "{1997C130-EAC0-4F3A-AFDB-DA7D8FA72AD7}"
EndProject
Project("{FAE04EC0-301F-11D3-BF4B-00C04F79EFBC}") = "Kagic_Entities", "Kagic_Entities\Kagic_Entities.csproj", "{CCA0931E-8A69-4816-BB6D-A07EA343688B}"
EndProject
Project("{FAE04EC0-301F-11D3-BF4B-00C04F79EFBC}") = "Kagic_DAL", "Kagic_DAL\Kagic_DAL.csproj", "{C47BE64B-1ACD-4ED1-9ECE-4110917980B1}"
EndProject
Project("{FAE04EC0-301F-11D3-BF4B-00C04F79EFBC}") = "Kagic_BL", "Kagic_BL\Kagic_BL.csproj", "{8FA89E18-38A6-4525-B563-E66D2ABD576F}"
EndProject
Global
	GlobalSection(SolutionConfigurationPlatforms) = preSolution
		Debug|Any CPU = Debug|Any CPU
		Debug|ARM = Debug|ARM
		Debug|ARM64 = Debug|ARM64
		Debug|x64 = Debug|x64
		Debug|x86 = Debug|x86
		Release|Any CPU = Release|Any CPU
		Release|ARM = Release|ARM
		Release|ARM64 = Release|ARM64
		Release|x64 = Release|x64
		Release|x86 = Release|x86
	EndGlobalSection
	GlobalSection(ProjectConfigurationPlatforms) = postSolution
		{1997C130-EAC0-4F3A-AFDB-DA7D8FA72AD7}.Debug|Any CPU.ActiveCfg = Debug|x64
		{1997C130-EAC0-4F3A-AFDB-DA7D8FA72AD7}.Debug|Any CPU.Build.0 = Debug|x64
		{1997C130-EAC0-4F3A-AFDB-DA7D8FA72AD7}.Debug|Any CPU.Deploy.0 = Debug|x64
		{1997C130-EAC0-4F3A-AFDB-DA7D8FA72AD7}.Debug|ARM.ActiveCfg = Debug|ARM
		{1997C130-EAC0-4F3A-AFDB-DA7D8FA72AD7}.Debug|ARM.Build.0 = Debug|ARM
		{1997C130-EAC0-4F3A-AFDB-DA7D8FA72AD7}.Debug|ARM.Deploy.0 = Debug|ARM
		{1997C130-EAC0-4F3A-AFDB-DA7D8FA72AD7}.Debug|ARM64.ActiveCfg = Debug|ARM64
		{1997C130-EAC0-4F3A-AFDB-DA7D8FA72AD7}.Debug|ARM64.Build.0 = Debug|ARM64
		{1997C130-EAC0-4F3A-AFDB-DA7D8FA72AD7}.Debug|ARM64.Deploy.0 = Debug|ARM64
		{1997C130-EAC0-4F3A-AFDB-DA7D8FA72AD7}.Debug|x64.ActiveCfg = Debug|x64
		{1997C130-EAC0-4F3A-AFDB-DA7D8FA72AD7}.Debug|x64.Build.0 = Debug|x64
		{1997C130-EAC0-4F3A-AFDB-DA7D8FA72AD7}.Debug|x64.Deploy.0 = Debug|x64
		{1997C130-EAC0-4F3A-AFDB-DA7D8FA72AD7}.Debug|x86.ActiveCfg = Debug|x86
		{1997C130-EAC0-4F3A-AFDB-DA7D8FA72AD7}.Debug|x86.Build.0 = Debug|x86
		{1997C130-EAC0-4F3A-AFDB-DA7D8FA72AD7}.Debug|x86.Deploy.0 = Debug|x86
		{1997C130-EAC0-4F3A-AFDB-DA7D8FA72AD7}.Release|Any CPU.ActiveCfg = Release|x64
		{1997C130-EAC0-4F3A-AFDB-DA7D8FA72AD7}.Release|Any CPU.Build.0 = Release|x64
		{1997C130-EAC0-4F3A-AFDB-DA7D8FA72AD7}.Release|Any CPU.Deploy.0 = Release|x64
		{1997C130-EAC0-4F3A-AFDB-DA7D8FA72AD7}.Release|ARM.ActiveCfg = Release|ARM
		{1997C130-EAC0-4F3A-AFDB-DA7D8FA72AD7}.Release|ARM.Build.0 = Release|ARM
		{1997C130-EAC0-4F3A-AFDB-DA7D8FA72AD7}.Release|ARM.Deploy.0 = Release|ARM
		{1997C130-EAC0-4F3A-AFDB-DA7D8FA72AD7}.Release|ARM64.ActiveCfg = Release|ARM64
		{1997C130-EAC0-4F3A-AFDB-DA7D8FA72AD7}.Release|ARM64.Build.0 = Release|ARM64
		{1997C130-EAC0-4F3A-AFDB-DA7D8FA72AD7}.Release|ARM64.Deploy.0 = Release|ARM64
		{1997C130-EAC0-4F3A-AFDB-DA7D8FA72AD7}.Release|x64.ActiveCfg = Release|x64
		{1997C130-EAC0-4F3A-AFDB-DA7D8FA72AD7}.Release|x64.Build.0 = Release|x64
		{1997C130-EAC0-4F3A-AFDB-DA7D8FA72AD7}.Release|x64.Deploy.0 = Release|x64
		{1997C130-EAC0-4F3A-AFDB-DA7D8FA72AD7}.Release|x86.ActiveCfg = Release|x86
		{1997C130-EAC0-4F3A-AFDB-DA7D8FA72AD7}.Release|x86.Build.0 = Release|x86
		{1997C130-EAC0-4F3A-AFDB-DA7D8FA72AD7}.Release|x86.Deploy.0 = Release|x86
		{CCA0931E-8A69-4816-BB6D-A07EA343688B}.Debug|Any CPU.ActiveCfg = Debug|Any CPU
		{CCA0931E-8A69-4816-BB6D-A07EA343688B}.Debug|Any CPU.Build.0 = Debug|Any CPU
		{CCA0931E-8A69-4816-BB6D-A07EA343688B}.Debug|ARM.ActiveCfg = Debug|Any CPU
		{CCA0931E-8A69-4816-BB6D-A07EA343688B}.Debug|ARM.Build.0 = Debug|Any CPU
		{CCA0931E-8A69-4816-BB6D-A07EA343688B}.Debug|ARM64.ActiveCfg = Debug|Any CPU
		{CCA0931E-8A69-4816-BB6D-A07EA343688B}.Debug|ARM64.Build.0 = Debug|Any CPU
		{CCA0931E-8A69-4816-BB6D-A07EA343688B}.Debug|x64.ActiveCfg = Debug|Any CPU
		{CCA0931E-8A69-4816-BB6D-A07EA343688B}.Debug|x64.Build.0 = Debug|Any CPU
		{CCA0931E-8A69-4816-BB6D-A07EA343688B}.Debug|x86.ActiveCfg = Debug|Any CPU
		{CCA0931E-8A69-4816-BB6D-A07EA343688B}.Debug|x86.Build.0 = Debug|Any CPU
		{CCA0931E-8A69-4816-BB6D-A07EA343688B}.Release|Any CPU.ActiveCfg = Release|Any CPU
		{CCA0931E-8A69-4816-BB6D-A07EA343688B}.Release|Any CPU.Build.0 = Release|Any CPU
		{CCA0931E-8A69-4816-BB6D-A07EA343688B}.Release|ARM.ActiveCfg = Release|Any CPU
		{CCA0931E-8A69-4816-BB6D-A07EA343688B}.Release|ARM.Build.0 = Release|Any CPU
		{CCA0931E-8A69-4816-BB6D-A07EA343688B}.Release|ARM64.ActiveCfg = Release|Any CPU
		{CCA0931E-8A69-4816-BB6D-A07EA343688B}.Release|ARM64.Build.0 = Release|Any CPU
		{CCA0931E-8A69-4816-BB6D-A07EA343688B}.Release|x64.ActiveCfg = Release|Any CPU
		{CCA0931E-8A69-4816-BB6D-A07EA343688B}.Release|x64.Build.0 = Release|Any CPU
		{CCA0931E-8A69-4816-BB6D-A07EA343688B}.Release|x86.ActiveCfg = Release|Any CPU
		{CCA0931E-8A69-4816-BB6D-A07EA343688B}.Release|x86.Build.0 = Release|Any CPU
		{C47BE64B-1ACD-4ED1-9ECE-4110917980B1}.Debug|Any CPU.ActiveCfg = Debug|Any CPU
		{C47BE64B-1ACD-4ED1-9ECE-4110917980B1}.Debug|Any CPU.Build.0 = Debug|Any CPU
		{C47BE64B-1ACD-4ED1-9ECE-4110917980B1}.Debug|ARM.ActiveCfg = Debug|Any CPU
		{C47BE64B-1ACD-4ED1-9ECE-4110917980B1}.Debug|ARM.Build.0 = Debug|Any CPU
		{C47BE64B-1ACD-4ED1-9ECE-4110917980B1}.Debug|ARM64.ActiveCfg = Debug|Any CPU
		{C47BE64B-1ACD-4ED1-9ECE-4110917980B1}.Debug|ARM64.Build.0 = Debug|Any CPU
		{C47BE64B-1ACD-4ED1-9ECE-4110917980B1}.Debug|x64.ActiveCfg = Debug|Any CPU
		{C47BE64B-1ACD-4ED1-9ECE-4110917980B1}.Debug|x64.Build.0 = Debug|Any CPU
		{C47BE64B-1ACD-4ED1-9ECE-4110917980B1}.Debug|x86.ActiveCfg = Debug|Any CPU
		{C47BE64B-1ACD-4ED1-9ECE-4110917980B1}.Debug|x86.Build.0 = Debug|Any CPU
		{C47BE64B-1ACD-4ED1-9ECE-4110917980B1}.Release|Any CPU.ActiveCfg = Release|Any CPU
		{C47BE64B-1ACD-4ED1-9ECE-4110917980B1}.Release|Any CPU.Build.0 = Release|Any CPU
		{C47BE64B-1ACD-4ED1-9ECE-4110917980B1}.Release|ARM.ActiveCfg = Release|Any CPU
		{C47BE64B-1ACD-4ED1-9ECE-4110917980B1}.Release|ARM.Build.0 = Release|Any CPU
		{C47BE64B-1ACD-4ED1-9ECE-4110917980B1}.Release|ARM64.ActiveCfg = Release|Any CPU
		{C47BE64B-1ACD-4ED1-9ECE-4110917980B1}.Release|ARM64.Build.0 = Release|Any CPU
		{C47BE64B-1ACD-4ED1-9ECE-4110917980B1}.Release|x64.ActiveCfg = Release|Any CPU
		{C47BE64B-1ACD-4ED1-9ECE-4110917980B1}.Release|x64.Build.0 = Release|Any CPU
		{C47BE64B-1ACD-4ED1-9ECE-4110917980B1}.Release|x86.ActiveCfg = Release|Any CPU
		{C47BE64B-1ACD-4ED1-9ECE-4110917980B1}.Release|x86.Build.0 = Release|Any CPU
		{8FA89E18-38A6-4525-B563-E66D2ABD576F}.Debug|Any CPU.ActiveCfg = Debug|Any CPU
		{8FA89E18-38A6-4525-B563-E66D2ABD576F}.Debug|Any CPU.Build.0 = Debug|Any CPU
		{8FA89E18-38A6-4525-B563-E66D2ABD576F}.Debug|ARM.ActiveCfg = Debug|Any CPU
		{8FA89E18-38A6-4525-B563-E66D2ABD576F}.Debug|ARM.Build.0 = Debug|Any CPU
		{8FA89E18-38A6-4525-B563-E66D2ABD576F}.Debug|ARM64.ActiveCfg = Debug|Any CPU
		{8FA89E18-38A6-4525-B563-E66D2ABD576F}.Debug|ARM64.Build.0 = Debug|Any CPU
		{8FA89E18-38A6-4525-B563-E66D2ABD576F}.Debug|x64.ActiveCfg = Debug|Any CPU
		{8FA89E18-38A6-4525-B563-E66D2ABD576F}.Debug|x64.Build.0 = Debug|Any CPU
		{8FA89E18-38A6-4525-B563-E66D2ABD576F}.Debug|x86.ActiveCfg = Debug|Any CPU
		{8FA89E18-38A6-4525-B563-E66D2ABD576F}.Debug|x86.Build.0 = Debug|Any CPU
		{8FA89E18-38A6-4525-B563-E66D2ABD576F}.Release|Any CPU.ActiveCfg = Release|Any CPU
		{8FA89E18-38A6-4525-B563-E66D2ABD576F}.Release|Any CPU.Build.0 = Release|Any CPU
		{8FA89E18-38A6-4525-B563-E66D2ABD576F}.Release|ARM.ActiveCfg = Release|Any CPU
		{8FA89E18-38A6-4525-B563-E66D2ABD576F}.Release|ARM.Build.0 = Release|Any CPU
		{8FA89E18-38A6-4525-B563-E66D2ABD576F}.Release|ARM64.ActiveCfg = Release|Any CPU
		{8FA89E18-38A6-4525-B563-E66D2ABD576F}.Release|ARM64.Build.0 = Release|Any CPU
		{8FA89E18-38A6-4525-B563-E66D2ABD576F}.Release|x64.ActiveCfg = Release|Any CPU
		{8FA89E18-38A6-4525-B563-E66D2ABD576F}.Release|x64.Build.0 = Release|Any CPU
		{8FA89E18-38A6-4525-B563-E66D2ABD576F}.Release|x86.ActiveCfg = Release|Any CPU
		{8FA89E18-38A6-4525-B563-E66D2ABD576F}.Release|x86.Build.0 = Release|Any CPU
	EndGlobalSection
	GlobalSection(SolutionProperties) = preSolution
		HideSolutionNode = FALSE
	EndGlobalSection
	GlobalSection(ExtensibilityGlobals) = postSolution
		SolutionGuid = {9F014A75-EEF1-4E06-84CA-B9FF415A011C}
	EndGlobalSection
EndGlobal
